// !$*UTF8*$!
{
	archiveVersion = 1;
	classes = {
	};
	objectVersion = 46;
	objects = {

/* Begin PBXBuildFile section */
		208C97FA1892A6160008749C /* Foundation.framework in Frameworks */ = {isa = PBXBuildFile; fileRef = 208C97F91892A6160008749C /* Foundation.framework */; };
		208C97FC1892A6160008749C /* CoreGraphics.framework in Frameworks */ = {isa = PBXBuildFile; fileRef = 208C97FB1892A6160008749C /* CoreGraphics.framework */; };
		208C97FE1892A6160008749C /* UIKit.framework in Frameworks */ = {isa = PBXBuildFile; fileRef = 208C97FD1892A6160008749C /* UIKit.framework */; };
		208C98041892A6160008749C /* InfoPlist.strings in Resources */ = {isa = PBXBuildFile; fileRef = 208C98021892A6160008749C /* InfoPlist.strings */; };
		208C98061892A6160008749C /* main.m in Sources */ = {isa = PBXBuildFile; fileRef = 208C98051892A6160008749C /* main.m */; };
		208C980A1892A6160008749C /* AppDelegate.m in Sources */ = {isa = PBXBuildFile; fileRef = 208C98091892A6160008749C /* AppDelegate.m */; };
		208C980C1892A6160008749C /* Images.xcassets in Resources */ = {isa = PBXBuildFile; fileRef = 208C980B1892A6160008749C /* Images.xcassets */; };
		208C98131892A6160008749C /* XCTest.framework in Frameworks */ = {isa = PBXBuildFile; fileRef = 208C98121892A6160008749C /* XCTest.framework */; };
		208C98141892A6160008749C /* Foundation.framework in Frameworks */ = {isa = PBXBuildFile; fileRef = 208C97F91892A6160008749C /* Foundation.framework */; };
		208C98151892A6160008749C /* UIKit.framework in Frameworks */ = {isa = PBXBuildFile; fileRef = 208C97FD1892A6160008749C /* UIKit.framework */; };
		208C981D1892A6160008749C /* InfoPlist.strings in Resources */ = {isa = PBXBuildFile; fileRef = 208C981B1892A6160008749C /* InfoPlist.strings */; };
		208C981F1892A6160008749C /* Rouen2Tests.m in Sources */ = {isa = PBXBuildFile; fileRef = 208C981E1892A6160008749C /* Rouen2Tests.m */; };
/* End PBXBuildFile section */

/* Begin PBXContainerItemProxy section */
		208C98161892A6160008749C /* PBXContainerItemProxy */ = {
			isa = PBXContainerItemProxy;
			containerPortal = 208C97EE1892A6160008749C /* Project object */;
			proxyType = 1;
			remoteGlobalIDString = 208C97F51892A6160008749C;
			remoteInfo = Rouen2;
		};
/* End PBXContainerItemProxy section */

/* Begin PBXFileReference section */
		208C97F61892A6160008749C /* Rouen2.app */ = {isa = PBXFileReference; explicitFileType = wrapper.application; includeInIndex = 0; path = Rouen2.app; sourceTree = BUILT_PRODUCTS_DIR; };
		208C97F91892A6160008749C /* Foundation.framework */ = {isa = PBXFileReference; lastKnownFileType = wrapper.framework; name = Foundation.framework; path = System/Library/Frameworks/Foundation.framework; sourceTree = SDKROOT; };
		208C97FB1892A6160008749C /* CoreGraphics.framework */ = {isa = PBXFileReference; lastKnownFileType = wrapper.framework; name = CoreGraphics.framework; path = System/Library/Frameworks/CoreGraphics.framework; sourceTree = SDKROOT; };
		208C97FD1892A6160008749C /* UIKit.framework */ = {isa = PBXFileReference; lastKnownFileType = wrapper.framework; name = UIKit.framework; path = System/Library/Frameworks/UIKit.framework; sourceTree = SDKROOT; };
		208C98011892A6160008749C /* Rouen2-Info.plist */ = {isa = PBXFileReference; lastKnownFileType = text.plist.xml; path = "Rouen2-Info.plist"; sourceTree = "<group>"; };
		208C98031892A6160008749C /* en */ = {isa = PBXFileReference; lastKnownFileType = text.plist.strings; name = en; path = en.lproj/InfoPlist.strings; sourceTree = "<group>"; };
		208C98051892A6160008749C /* main.m */ = {isa = PBXFileReference; lastKnownFileType = sourcecode.c.objc; path = main.m; sourceTree = "<group>"; };
		208C98071892A6160008749C /* Rouen2-Prefix.pch */ = {isa = PBXFileReference; lastKnownFileType = sourcecode.c.h; path = "Rouen2-Prefix.pch"; sourceTree = "<group>"; };
		208C98081892A6160008749C /* AppDelegate.h */ = {isa = PBXFileReference; lastKnownFileType = sourcecode.c.h; path = AppDelegate.h; sourceTree = "<group>"; };
		208C98091892A6160008749C /* AppDelegate.m */ = {isa = PBXFileReference; lastKnownFileType = sourcecode.c.objc; path = AppDelegate.m; sourceTree = "<group>"; };
		208C980B1892A6160008749C /* Images.xcassets */ = {isa = PBXFileReference; lastKnownFileType = folder.assetcatalog; path = Images.xcassets; sourceTree = "<group>"; };
		208C98111892A6160008749C /* Rouen2Tests.xctest */ = {isa = PBXFileReference; explicitFileType = wrapper.cfbundle; includeInIndex = 0; path = Rouen2Tests.xctest; sourceTree = BUILT_PRODUCTS_DIR; };
		208C98121892A6160008749C /* XCTest.framework */ = {isa = PBXFileReference; lastKnownFileType = wrapper.framework; name = XCTest.framework; path = Library/Frameworks/XCTest.framework; sourceTree = DEVELOPER_DIR; };
		208C981A1892A6160008749C /* Rouen2Tests-Info.plist */ = {isa = PBXFileReference; lastKnownFileType = text.plist.xml; path = "Rouen2Tests-Info.plist"; sourceTree = "<group>"; };
		208C981C1892A6160008749C /* en */ = {isa = PBXFileReference; lastKnownFileType = text.plist.strings; name = en; path = en.lproj/InfoPlist.strings; sourceTree = "<group>"; };
		208C981E1892A6160008749C /* Rouen2Tests.m */ = {isa = PBXFileReference; lastKnownFileType = sourcecode.c.objc; path = Rouen2Tests.m; sourceTree = "<group>"; };
/* End PBXFileReference section */

/* Begin PBXFrameworksBuildPhase section */
		208C97F31892A6160008749C /* Frameworks */ = {
			isa = PBXFrameworksBuildPhase;
			buildActionMask = 2147483647;
			files = (
				208C97FC1892A6160008749C /* CoreGraphics.framework in Frameworks */,
				208C97FE1892A6160008749C /* UIKit.framework in Frameworks */,
				208C97FA1892A6160008749C /* Foundation.framework in Frameworks */,
			);
			runOnlyForDeploymentPostprocessing = 0;
		};
		208C980E1892A6160008749C /* Frameworks */ = {
			isa = PBXFrameworksBuildPhase;
			buildActionMask = 2147483647;
			files = (
				208C98131892A6160008749C /* XCTest.framework in Frameworks */,
				208C98151892A6160008749C /* UIKit.framework in Frameworks */,
				208C98141892A6160008749C /* Foundation.framework in Frameworks */,
			);
			runOnlyForDeploymentPostprocessing = 0;
		};
/* End PBXFrameworksBuildPhase section */

/* Begin PBXGroup section */
		208C97ED1892A6160008749C = {
			isa = PBXGroup;
			children = (
				208C97FF1892A6160008749C /* Rouen2 */,
				208C98181892A6160008749C /* Rouen2Tests */,
				208C97F81892A6160008749C /* Frameworks */,
				208C97F71892A6160008749C /* Products */,
			);
			sourceTree = "<group>";
		};
		208C97F71892A6160008749C /* Products */ = {
			isa = PBXGroup;
			children = (
				208C97F61892A6160008749C /* Rouen2.app */,
				208C98111892A6160008749C /* Rouen2Tests.xctest */,
			);
			name = Products;
			sourceTree = "<group>";
		};
		208C97F81892A6160008749C /* Frameworks */ = {
			isa = PBXGroup;
			children = (
				208C97F91892A6160008749C /* Foundation.framework */,
				208C97FB1892A6160008749C /* CoreGraphics.framework */,
				208C97FD1892A6160008749C /* UIKit.framework */,
				208C98121892A6160008749C /* XCTest.framework */,
			);
			name = Frameworks;
			sourceTree = "<group>";
		};
		208C97FF1892A6160008749C /* Rouen2 */ = {
			isa = PBXGroup;
			children = (
				208C98081892A6160008749C /* AppDelegate.h */,
				208C98091892A6160008749C /* AppDelegate.m */,
				208C980B1892A6160008749C /* Images.xcassets */,
				208C98001892A6160008749C /* Supporting Files */,
			);
			path = Rouen2;
			sourceTree = "<group>";
		};
		208C98001892A6160008749C /* Supporting Files */ = {
			isa = PBXGroup;
			children = (
				208C98011892A6160008749C /* Rouen2-Info.plist */,
				208C98021892A6160008749C /* InfoPlist.strings */,
				208C98051892A6160008749C /* main.m */,
				208C98071892A6160008749C /* Rouen2-Prefix.pch */,
			);
			name = "Supporting Files";
			sourceTree = "<group>";
		};
		208C98181892A6160008749C /* Rouen2Tests */ = {
			isa = PBXGroup;
			children = (
				208C981E1892A6160008749C /* Rouen2Tests.m */,
				208C98191892A6160008749C /* Supporting Files */,
			);
			path = Rouen2Tests;
			sourceTree = "<group>";
		};
		208C98191892A6160008749C /* Supporting Files */ = {
			isa = PBXGroup;
			children = (
				208C981A1892A6160008749C /* Rouen2Tests-Info.plist */,
				208C981B1892A6160008749C /* InfoPlist.strings */,
			);
			name = "Supporting Files";
			sourceTree = "<group>";
		};
/* End PBXGroup section */

/* Begin PBXNativeTarget section */
		208C97F51892A6160008749C /* Rouen2 */ = {
			isa = PBXNativeTarget;
			buildConfigurationList = 208C98221892A6160008749C /* Build configuration list for PBXNativeTarget "Rouen2" */;
			buildPhases = (
				208C97F21892A6160008749C /* Sources */,
				208C97F31892A6160008749C /* Frameworks */,
				208C97F41892A6160008749C /* Resources */,
			);
			buildRules = (
			);
			dependencies = (
			);
			name = Rouen2;
			productName = Rouen2;
			productReference = 208C97F61892A6160008749C /* Rouen2.app */;
			productType = "com.apple.product-type.application";
		};
		208C98101892A6160008749C /* Rouen2Tests */ = {
			isa = PBXNativeTarget;
			buildConfigurationList = 208C98251892A6160008749C /* Build configuration list for PBXNativeTarget "Rouen2Tests" */;
			buildPhases = (
				208C980D1892A6160008749C /* Sources */,
				208C980E1892A6160008749C /* Frameworks */,
				208C980F1892A6160008749C /* Resources */,
			);
			buildRules = (
			);
			dependencies = (
				208C98171892A6160008749C /* PBXTargetDependency */,
			);
			name = Rouen2Tests;
			productName = Rouen2Tests;
			productReference = 208C98111892A6160008749C /* Rouen2Tests.xctest */;
			productType = "com.apple.product-type.bundle.unit-test";
		};
/* End PBXNativeTarget section */

/* Begin PBXProject section */
		208C97EE1892A6160008749C /* Project object */ = {
			isa = PBXProject;
			attributes = {
				LastUpgradeCheck = 0500;
				ORGANIZATIONNAME = "Jean-André Santoni";
				TargetAttributes = {
					208C98101892A6160008749C = {
						TestTargetID = 208C97F51892A6160008749C;
					};
				};
			};
			buildConfigurationList = 208C97F11892A6160008749C /* Build configuration list for PBXProject "Rouen2" */;
			compatibilityVersion = "Xcode 3.2";
			developmentRegion = English;
			hasScannedForEncodings = 0;
			knownRegions = (
				en,
			);
			mainGroup = 208C97ED1892A6160008749C;
			productRefGroup = 208C97F71892A6160008749C /* Products */;
			projectDirPath = "";
			projectRoot = "";
			targets = (
				208C97F51892A6160008749C /* Rouen2 */,
				208C98101892A6160008749C /* Rouen2Tests */,
			);
		};
/* End PBXProject section */

/* Begin PBXResourcesBuildPhase section */
		208C97F41892A6160008749C /* Resources */ = {
			isa = PBXResourcesBuildPhase;
			buildActionMask = 2147483647;
			files = (
				208C98041892A6160008749C /* InfoPlist.strings in Resources */,
				208C980C1892A6160008749C /* Images.xcassets in Resources */,
			);
			runOnlyForDeploymentPostprocessing = 0;
		};
		208C980F1892A6160008749C /* Resources */ = {
			isa = PBXResourcesBuildPhase;
			buildActionMask = 2147483647;
			files = (
				208C981D1892A6160008749C /* InfoPlist.strings in Resources */,
			);
			runOnlyForDeploymentPostprocessing = 0;
		};
/* End PBXResourcesBuildPhase section */

/* Begin PBXSourcesBuildPhase section */
		208C97F21892A6160008749C /* Sources */ = {
			isa = PBXSourcesBuildPhase;
			buildActionMask = 2147483647;
			files = (
				208C980A1892A6160008749C /* AppDelegate.m in Sources */,
				208C98061892A6160008749C /* main.m in Sources */,
			);
			runOnlyForDeploymentPostprocessing = 0;
		};
		208C980D1892A6160008749C /* Sources */ = {
			isa = PBXSourcesBuildPhase;
			buildActionMask = 2147483647;
			files = (
				208C981F1892A6160008749C /* Rouen2Tests.m in Sources */,
			);
			runOnlyForDeploymentPostprocessing = 0;
		};
/* End PBXSourcesBuildPhase section */

/* Begin PBXTargetDependency section */
		208C98171892A6160008749C /* PBXTargetDependency */ = {
			isa = PBXTargetDependency;
			target = 208C97F51892A6160008749C /* Rouen2 */;
			targetProxy = 208C98161892A6160008749C /* PBXContainerItemProxy */;
		};
/* End PBXTargetDependency section */

/* Begin PBXVariantGroup section */
		208C98021892A6160008749C /* InfoPlist.strings */ = {
			isa = PBXVariantGroup;
			children = (
				208C98031892A6160008749C /* en */,
			);
			name = InfoPlist.strings;
			sourceTree = "<group>";
		};
		208C981B1892A6160008749C /* InfoPlist.strings */ = {
			isa = PBXVariantGroup;
			children = (
				208C981C1892A6160008749C /* en */,
			);
			name = InfoPlist.strings;
			sourceTree = "<group>";
		};
/* End PBXVariantGroup section */

/* Begin XCBuildConfiguration section */
		208C98201892A6160008749C /* Debug */ = {
			isa = XCBuildConfiguration;
			buildSettings = {
				ALWAYS_SEARCH_USER_PATHS = NO;
				ARCHS = "$(ARCHS_STANDARD_INCLUDING_64_BIT)";
				CLANG_CXX_LANGUAGE_STANDARD = "gnu++0x";
				CLANG_CXX_LIBRARY = "libc++";
				CLANG_ENABLE_MODULES = YES;
				CLANG_ENABLE_OBJC_ARC = YES;
				CLANG_WARN_BOOL_CONVERSION = YES;
				CLANG_WARN_CONSTANT_CONVERSION = YES;
				CLANG_WARN_DIRECT_OBJC_ISA_USAGE = YES_ERROR;
				CLANG_WARN_EMPTY_BODY = YES;
				CLANG_WARN_ENUM_CONVERSION = YES;
				CLANG_WARN_INT_CONVERSION = YES;
				CLANG_WARN_OBJC_ROOT_CLASS = YES_ERROR;
				CLANG_WARN__DUPLICATE_METHOD_MATCH = YES;
				"CODE_SIGN_IDENTITY[sdk=iphoneos*]" = "iPhone Developer";
				COPY_PHASE_STRIP = NO;
				GCC_C_LANGUAGE_STANDARD = gnu99;
				GCC_DYNAMIC_NO_PIC = NO;
				GCC_OPTIMIZATION_LEVEL = 0;
				GCC_PREPROCESSOR_DEFINITIONS = (
					"DEBUG=1",
					"$(inherited)",
				);
				GCC_SYMBOLS_PRIVATE_EXTERN = NO;
				GCC_WARN_64_TO_32_BIT_CONVERSION = YES;
				GCC_WARN_ABOUT_RETURN_TYPE = YES_ERROR;
				GCC_WARN_UNDECLARED_SELECTOR = YES;
				GCC_WARN_UNINITIALIZED_AUTOS = YES;
				GCC_WARN_UNUSED_FUNCTION = YES;
				GCC_WARN_UNUSED_VARIABLE = YES;
				IPHONEOS_DEPLOYMENT_TARGET = 7.0;
				ONLY_ACTIVE_ARCH = YES;
				SDKROOT = iphoneos;
				TARGETED_DEVICE_FAMILY = 2;
			};
			name = Debug;
		};
		208C98211892A6160008749C /* Release */ = {
			isa = XCBuildConfiguration;
			buildSettings = {
				ALWAYS_SEARCH_USER_PATHS = NO;
				ARCHS = "$(ARCHS_STANDARD_INCLUDING_64_BIT)";
				CLANG_CXX_LANGUAGE_STANDARD = "gnu++0x";
				CLANG_CXX_LIBRARY = "libc++";
				CLANG_ENABLE_MODULES = YES;
				CLANG_ENABLE_OBJC_ARC = YES;
				CLANG_WARN_BOOL_CONVERSION = YES;
				CLANG_WARN_CONSTANT_CONVERSION = YES;
				CLANG_WARN_DIRECT_OBJC_ISA_USAGE = YES_ERROR;
				CLANG_WARN_EMPTY_BODY = YES;
				CLANG_WARN_ENUM_CONVERSION = YES;
				CLANG_WARN_INT_CONVERSION = YES;
				CLANG_WARN_OBJC_ROOT_CLASS = YES_ERROR;
				CLANG_WARN__DUPLICATE_METHOD_MATCH = YES;
				"CODE_SIGN_IDENTITY[sdk=iphoneos*]" = "iPhone Developer";
				COPY_PHASE_STRIP = YES;
				ENABLE_NS_ASSERTIONS = NO;
				GCC_C_LANGUAGE_STANDARD = gnu99;
				GCC_WARN_64_TO_32_BIT_CONVERSION = YES;
				GCC_WARN_ABOUT_RETURN_TYPE = YES_ERROR;
				GCC_WARN_UNDECLARED_SELECTOR = YES;
				GCC_WARN_UNINITIALIZED_AUTOS = YES;
				GCC_WARN_UNUSED_FUNCTION = YES;
				GCC_WARN_UNUSED_VARIABLE = YES;
				IPHONEOS_DEPLOYMENT_TARGET = 7.0;
				SDKROOT = iphoneos;
				TARGETED_DEVICE_FAMILY = 2;
				VALIDATE_PRODUCT = YES;
			};
			name = Release;
		};
		208C98231892A6160008749C /* Debug */ = {
			isa = XCBuildConfiguration;
			buildSettings = {
				ASSETCATALOG_COMPILER_APPICON_NAME = AppIcon;
				ASSETCATALOG_COMPILER_LAUNCHIMAGE_NAME = LaunchImage;
				GCC_PRECOMPILE_PREFIX_HEADER = YES;
				GCC_PREFIX_HEADER = "Rouen2/Rouen2-Prefix.pch";
				INFOPLIST_FILE = "Rouen2/Rouen2-Info.plist";
				PRODUCT_NAME = "$(TARGET_NAME)";
				WRAPPER_EXTENSION = app;
			};
			name = Debug;
		};
		208C98241892A6160008749C /* Release */ = {
			isa = XCBuildConfiguration;
			buildSettings = {
				ASSETCATALOG_COMPILER_APPICON_NAME = AppIcon;
				ASSETCATALOG_COMPILER_LAUNCHIMAGE_NAME = LaunchImage;
				GCC_PRECOMPILE_PREFIX_HEADER = YES;
				GCC_PREFIX_HEADER = "Rouen2/Rouen2-Prefix.pch";
				INFOPLIST_FILE = "Rouen2/Rouen2-Info.plist";
				PRODUCT_NAME = "$(TARGET_NAME)";
				WRAPPER_EXTENSION = app;
			};
			name = Release;
		};
		208C98261892A6160008749C /* Debug */ = {
			isa = XCBuildConfiguration;
			buildSettings = {
				ARCHS = "$(ARCHS_STANDARD_INCLUDING_64_BIT)";
				BUNDLE_LOADER = "$(BUILT_PRODUCTS_DIR)/Rouen2.app/Rouen2";
				FRAMEWORK_SEARCH_PATHS = (
					"$(SDKROOT)/Developer/Library/Frameworks",
					"$(inherited)",
					"$(DEVELOPER_FRAMEWORKS_DIR)",
				);
				GCC_PRECOMPILE_PREFIX_HEADER = YES;
				GCC_PREFIX_HEADER = "Rouen2/Rouen2-Prefix.pch";
				GCC_PREPROCESSOR_DEFINITIONS = (
					"DEBUG=1",
					"$(inherited)",
				);
				INFOPLIST_FILE = "Rouen2Tests/Rouen2Tests-Info.plist";
				PRODUCT_NAME = "$(TARGET_NAME)";
				TEST_HOST = "$(BUNDLE_LOADER)";
				WRAPPER_EXTENSION = xctest;
			};
			name = Debug;
		};
		208C98271892A6160008749C /* Release */ = {
			isa = XCBuildConfiguration;
			buildSettings = {
				ARCHS = "$(ARCHS_STANDARD_INCLUDING_64_BIT)";
				BUNDLE_LOADER = "$(BUILT_PRODUCTS_DIR)/Rouen2.app/Rouen2";
				FRAMEWORK_SEARCH_PATHS = (
					"$(SDKROOT)/Developer/Library/Frameworks",
					"$(inherited)",
					"$(DEVELOPER_FRAMEWORKS_DIR)",
				);
				GCC_PRECOMPILE_PREFIX_HEADER = YES;
				GCC_PREFIX_HEADER = "Rouen2/Rouen2-Prefix.pch";
				INFOPLIST_FILE = "Rouen2Tests/Rouen2Tests-Info.plist";
				PRODUCT_NAME = "$(TARGET_NAME)";
				TEST_HOST = "$(BUNDLE_LOADER)";
				WRAPPER_EXTENSION = xctest;
			};
			name = Release;
		};
/* End XCBuildConfiguration section */

/* Begin XCConfigurationList section */
		208C97F11892A6160008749C /* Build configuration list for PBXProject "Rouen2" */ = {
			isa = XCConfigurationList;
			buildConfigurations = (
				208C98201892A6160008749C /* Debug */,
				208C98211892A6160008749C /* Release */,
			);
			defaultConfigurationIsVisible = 0;
			defaultConfigurationName = Release;
		};
		208C98221892A6160008749C /* Build configuration list for PBXNativeTarget "Rouen2" */ = {
			isa = XCConfigurationList;
			buildConfigurations = (
				208C98231892A6160008749C /* Debug */,
				208C98241892A6160008749C /* Release */,
			);
			defaultConfigurationIsVisible = 0;
		};
		208C98251892A6160008749C /* Build configuration list for PBXNativeTarget "Rouen2Tests" */ = {
			isa = XCConfigurationList;
			buildConfigurations = (
				208C98261892A6160008749C /* Debug */,
				208C98271892A6160008749C /* Release */,
			);
			defaultConfigurationIsVisible = 0;
		};
/* End XCConfigurationList section */
	};
	rootObject = 208C97EE1892A6160008749C /* Project object */;
}
