// !$*UTF8*$!
{
	archiveVersion = 1;
	classes = {
	};
	objectVersion = 46;
	objects = {

/* Begin PBXBuildFile section */
		200D2BEC18A90E7500D5C53D /* Settings.bundle in Resources */ = {isa = PBXBuildFile; fileRef = 200D2BEB18A90E7500D5C53D /* Settings.bundle */; };
		200FA79F18B393CC00AAD523 /* pins.xcassets in Resources */ = {isa = PBXBuildFile; fileRef = 200FA79E18B393CC00AAD523 /* pins.xcassets */; };
		201159D918C8CE100053FEFB /* VideoPlayerView.m in Sources */ = {isa = PBXBuildFile; fileRef = 201159D618C8CE100053FEFB /* VideoPlayerView.m */; };
		201159DA18C8CE100053FEFB /* VideoPlayerViewController.m in Sources */ = {isa = PBXBuildFile; fileRef = 201159D818C8CE100053FEFB /* VideoPlayerViewController.m */; };
		20187B5618B4EFEB00FD27A1 /* CharacterViewController.m in Sources */ = {isa = PBXBuildFile; fileRef = 20187B5518B4EFEB00FD27A1 /* CharacterViewController.m */; };
		203166DE18C621B800853998 /* HomeViewController.m in Sources */ = {isa = PBXBuildFile; fileRef = 203166DD18C621B800853998 /* HomeViewController.m */; };
		203166E118C6237100853998 /* TitleCell.m in Sources */ = {isa = PBXBuildFile; fileRef = 203166E018C6237100853998 /* TitleCell.m */; };
		203166E418C62F7900853998 /* EpisodesCell.m in Sources */ = {isa = PBXBuildFile; fileRef = 203166E318C62F7900853998 /* EpisodesCell.m */; };
		203166E718C6313200853998 /* EpisodesCollectionViewController.m in Sources */ = {isa = PBXBuildFile; fileRef = 203166E618C6313200853998 /* EpisodesCollectionViewController.m */; };
		203166EA18C63F1E00853998 /* EpisodeCell.m in Sources */ = {isa = PBXBuildFile; fileRef = 203166E918C63F1E00853998 /* EpisodeCell.m */; };
		20325BB718A921C0001FDBFF /* episodes.plist in Resources */ = {isa = PBXBuildFile; fileRef = 20325BB418A921C0001FDBFF /* episodes.plist */; };
		20325BBB18A9225A001FDBFF /* www in Resources */ = {isa = PBXBuildFile; fileRef = 20325BBA18A9225A001FDBFF /* www */; };
		208C97FA1892A6160008749C /* Foundation.framework in Frameworks */ = {isa = PBXBuildFile; fileRef = 208C97F91892A6160008749C /* Foundation.framework */; };
		208C97FC1892A6160008749C /* CoreGraphics.framework in Frameworks */ = {isa = PBXBuildFile; fileRef = 208C97FB1892A6160008749C /* CoreGraphics.framework */; };
		208C97FE1892A6160008749C /* UIKit.framework in Frameworks */ = {isa = PBXBuildFile; fileRef = 208C97FD1892A6160008749C /* UIKit.framework */; };
		208C98041892A6160008749C /* InfoPlist.strings in Resources */ = {isa = PBXBuildFile; fileRef = 208C98021892A6160008749C /* InfoPlist.strings */; };
		208C98061892A6160008749C /* main.m in Sources */ = {isa = PBXBuildFile; fileRef = 208C98051892A6160008749C /* main.m */; };
		208C980A1892A6160008749C /* AppDelegate.m in Sources */ = {isa = PBXBuildFile; fileRef = 208C98091892A6160008749C /* AppDelegate.m */; };
		208C980C1892A6160008749C /* Images.xcassets in Resources */ = {isa = PBXBuildFile; fileRef = 208C980B1892A6160008749C /* Images.xcassets */; };
		208C98131892A6160008749C /* XCTest.framework in Frameworks */ = {isa = PBXBuildFile; fileRef = 208C98121892A6160008749C /* XCTest.framework */; };
		208C98141892A6160008749C /* Foundation.framework in Frameworks */ = {isa = PBXBuildFile; fileRef = 208C97F91892A6160008749C /* Foundation.framework */; };
		208C98151892A6160008749C /* UIKit.framework in Frameworks */ = {isa = PBXBuildFile; fileRef = 208C97FD1892A6160008749C /* UIKit.framework */; };
		208C982D1892A73C0008749C /* EpisodeViewController.m in Sources */ = {isa = PBXBuildFile; fileRef = 208C982C1892A73C0008749C /* EpisodeViewController.m */; };
		208C98311892A8340008749C /* CSLinearLayoutView.m in Sources */ = {isa = PBXBuildFile; fileRef = 208C98301892A8340008749C /* CSLinearLayoutView.m */; };
/* End PBXBuildFile section */

/* Begin PBXContainerItemProxy section */
		208C98161892A6160008749C /* PBXContainerItemProxy */ = {
			isa = PBXContainerItemProxy;
			containerPortal = 208C97EE1892A6160008749C /* Project object */;
			proxyType = 1;
			remoteGlobalIDString = 208C97F51892A6160008749C;
			remoteInfo = Cagliostro;
		};
/* End PBXContainerItemProxy section */

/* Begin PBXFileReference section */
		200D2BEB18A90E7500D5C53D /* Settings.bundle */ = {isa = PBXFileReference; lastKnownFileType = "wrapper.plug-in"; path = Settings.bundle; sourceTree = "<group>"; };
		200FA79E18B393CC00AAD523 /* pins.xcassets */ = {isa = PBXFileReference; lastKnownFileType = folder.assetcatalog; path = pins.xcassets; sourceTree = "<group>"; };
		201159D518C8CE100053FEFB /* VideoPlayerView.h */ = {isa = PBXFileReference; fileEncoding = 4; lastKnownFileType = sourcecode.c.h; path = VideoPlayerView.h; sourceTree = "<group>"; };
		201159D618C8CE100053FEFB /* VideoPlayerView.m */ = {isa = PBXFileReference; fileEncoding = 4; lastKnownFileType = sourcecode.c.objc; path = VideoPlayerView.m; sourceTree = "<group>"; };
		201159D718C8CE100053FEFB /* VideoPlayerViewController.h */ = {isa = PBXFileReference; fileEncoding = 4; lastKnownFileType = sourcecode.c.h; path = VideoPlayerViewController.h; sourceTree = "<group>"; };
		201159D818C8CE100053FEFB /* VideoPlayerViewController.m */ = {isa = PBXFileReference; fileEncoding = 4; lastKnownFileType = sourcecode.c.objc; path = VideoPlayerViewController.m; sourceTree = "<group>"; };
		20187B5418B4EFEB00FD27A1 /* CharacterViewController.h */ = {isa = PBXFileReference; fileEncoding = 4; lastKnownFileType = sourcecode.c.h; path = CharacterViewController.h; sourceTree = "<group>"; };
		20187B5518B4EFEB00FD27A1 /* CharacterViewController.m */ = {isa = PBXFileReference; fileEncoding = 4; lastKnownFileType = sourcecode.c.objc; path = CharacterViewController.m; sourceTree = "<group>"; };
		203166DC18C621B800853998 /* HomeViewController.h */ = {isa = PBXFileReference; fileEncoding = 4; lastKnownFileType = sourcecode.c.h; path = HomeViewController.h; sourceTree = "<group>"; };
		203166DD18C621B800853998 /* HomeViewController.m */ = {isa = PBXFileReference; fileEncoding = 4; lastKnownFileType = sourcecode.c.objc; path = HomeViewController.m; sourceTree = "<group>"; };
		203166DF18C6237100853998 /* TitleCell.h */ = {isa = PBXFileReference; fileEncoding = 4; lastKnownFileType = sourcecode.c.h; path = TitleCell.h; sourceTree = "<group>"; };
		203166E018C6237100853998 /* TitleCell.m */ = {isa = PBXFileReference; fileEncoding = 4; lastKnownFileType = sourcecode.c.objc; path = TitleCell.m; sourceTree = "<group>"; };
		203166E218C62F7900853998 /* EpisodesCell.h */ = {isa = PBXFileReference; fileEncoding = 4; lastKnownFileType = sourcecode.c.h; path = EpisodesCell.h; sourceTree = "<group>"; };
		203166E318C62F7900853998 /* EpisodesCell.m */ = {isa = PBXFileReference; fileEncoding = 4; lastKnownFileType = sourcecode.c.objc; path = EpisodesCell.m; sourceTree = "<group>"; };
		203166E518C6313200853998 /* EpisodesCollectionViewController.h */ = {isa = PBXFileReference; fileEncoding = 4; lastKnownFileType = sourcecode.c.h; path = EpisodesCollectionViewController.h; sourceTree = "<group>"; };
		203166E618C6313200853998 /* EpisodesCollectionViewController.m */ = {isa = PBXFileReference; fileEncoding = 4; lastKnownFileType = sourcecode.c.objc; path = EpisodesCollectionViewController.m; sourceTree = "<group>"; };
		203166E818C63F1E00853998 /* EpisodeCell.h */ = {isa = PBXFileReference; fileEncoding = 4; lastKnownFileType = sourcecode.c.h; path = EpisodeCell.h; sourceTree = "<group>"; };
		203166E918C63F1E00853998 /* EpisodeCell.m */ = {isa = PBXFileReference; fileEncoding = 4; lastKnownFileType = sourcecode.c.objc; path = EpisodeCell.m; sourceTree = "<group>"; };
		20325BB418A921C0001FDBFF /* episodes.plist */ = {isa = PBXFileReference; fileEncoding = 4; lastKnownFileType = text.plist.xml; path = episodes.plist; sourceTree = "<group>"; };
		20325BBA18A9225A001FDBFF /* www */ = {isa = PBXFileReference; lastKnownFileType = folder; path = www; sourceTree = "<group>"; };
		208C97F61892A6160008749C /* Cagliostro.app */ = {isa = PBXFileReference; explicitFileType = wrapper.application; includeInIndex = 0; path = Cagliostro.app; sourceTree = BUILT_PRODUCTS_DIR; };
		208C97F91892A6160008749C /* Foundation.framework */ = {isa = PBXFileReference; lastKnownFileType = wrapper.framework; name = Foundation.framework; path = System/Library/Frameworks/Foundation.framework; sourceTree = SDKROOT; };
		208C97FB1892A6160008749C /* CoreGraphics.framework */ = {isa = PBXFileReference; lastKnownFileType = wrapper.framework; name = CoreGraphics.framework; path = System/Library/Frameworks/CoreGraphics.framework; sourceTree = SDKROOT; };
		208C97FD1892A6160008749C /* UIKit.framework */ = {isa = PBXFileReference; lastKnownFileType = wrapper.framework; name = UIKit.framework; path = System/Library/Frameworks/UIKit.framework; sourceTree = SDKROOT; };
		208C98011892A6160008749C /* Cagliostro-Info.plist */ = {isa = PBXFileReference; lastKnownFileType = text.plist.xml; path = "Cagliostro-Info.plist"; sourceTree = "<group>"; };
		208C98031892A6160008749C /* en */ = {isa = PBXFileReference; lastKnownFileType = text.plist.strings; name = en; path = en.lproj/InfoPlist.strings; sourceTree = "<group>"; };
		208C98051892A6160008749C /* main.m */ = {isa = PBXFileReference; lastKnownFileType = sourcecode.c.objc; path = main.m; sourceTree = "<group>"; };
		208C98071892A6160008749C /* Cagliostro-Prefix.pch */ = {isa = PBXFileReference; lastKnownFileType = sourcecode.c.h; path = "Cagliostro-Prefix.pch"; sourceTree = "<group>"; };
		208C98081892A6160008749C /* AppDelegate.h */ = {isa = PBXFileReference; lastKnownFileType = sourcecode.c.h; path = AppDelegate.h; sourceTree = "<group>"; };
		208C98091892A6160008749C /* AppDelegate.m */ = {isa = PBXFileReference; lastKnownFileType = sourcecode.c.objc; path = AppDelegate.m; sourceTree = "<group>"; };
		208C980B1892A6160008749C /* Images.xcassets */ = {isa = PBXFileReference; lastKnownFileType = folder.assetcatalog; path = Images.xcassets; sourceTree = "<group>"; };
		208C98111892A6160008749C /* CagliostroTests.xctest */ = {isa = PBXFileReference; explicitFileType = wrapper.cfbundle; includeInIndex = 0; path = CagliostroTests.xctest; sourceTree = BUILT_PRODUCTS_DIR; };
		208C98121892A6160008749C /* XCTest.framework */ = {isa = PBXFileReference; lastKnownFileType = wrapper.framework; name = XCTest.framework; path = Library/Frameworks/XCTest.framework; sourceTree = DEVELOPER_DIR; };
		208C982B1892A73C0008749C /* EpisodeViewController.h */ = {isa = PBXFileReference; fileEncoding = 4; lastKnownFileType = sourcecode.c.h; path = EpisodeViewController.h; sourceTree = "<group>"; };
		208C982C1892A73C0008749C /* EpisodeViewController.m */ = {isa = PBXFileReference; fileEncoding = 4; lastKnownFileType = sourcecode.c.objc; path = EpisodeViewController.m; sourceTree = "<group>"; };
		208C982F1892A8340008749C /* CSLinearLayoutView.h */ = {isa = PBXFileReference; fileEncoding = 4; lastKnownFileType = sourcecode.c.h; path = CSLinearLayoutView.h; sourceTree = "<group>"; };
		208C98301892A8340008749C /* CSLinearLayoutView.m */ = {isa = PBXFileReference; fileEncoding = 4; lastKnownFileType = sourcecode.c.objc; path = CSLinearLayoutView.m; sourceTree = "<group>"; };
		208C9833189326E20008749C /* SuperClarendon_7.otf */ = {isa = PBXFileReference; lastKnownFileType = file; path = SuperClarendon_7.otf; sourceTree = "<group>"; };
/* End PBXFileReference section */

/* Begin PBXFrameworksBuildPhase section */
		208C97F31892A6160008749C /* Frameworks */ = {
			isa = PBXFrameworksBuildPhase;
			buildActionMask = 2147483647;
			files = (
				208C97FC1892A6160008749C /* CoreGraphics.framework in Frameworks */,
				208C97FE1892A6160008749C /* UIKit.framework in Frameworks */,
				208C97FA1892A6160008749C /* Foundation.framework in Frameworks */,
			);
			runOnlyForDeploymentPostprocessing = 0;
		};
		208C980E1892A6160008749C /* Frameworks */ = {
			isa = PBXFrameworksBuildPhase;
			buildActionMask = 2147483647;
			files = (
				208C98131892A6160008749C /* XCTest.framework in Frameworks */,
				208C98151892A6160008749C /* UIKit.framework in Frameworks */,
				208C98141892A6160008749C /* Foundation.framework in Frameworks */,
			);
			runOnlyForDeploymentPostprocessing = 0;
		};
/* End PBXFrameworksBuildPhase section */

/* Begin PBXGroup section */
		201159D418C8CE100053FEFB /* VideoPlayerController */ = {
			isa = PBXGroup;
			children = (
				201159D518C8CE100053FEFB /* VideoPlayerView.h */,
				201159D618C8CE100053FEFB /* VideoPlayerView.m */,
				201159D718C8CE100053FEFB /* VideoPlayerViewController.h */,
				201159D818C8CE100053FEFB /* VideoPlayerViewController.m */,
			);
			path = VideoPlayerController;
			sourceTree = "<group>";
		};
		208C97ED1892A6160008749C = {
			isa = PBXGroup;
			children = (
				20325BBA18A9225A001FDBFF /* www */,
				200D2BEB18A90E7500D5C53D /* Settings.bundle */,
				201159D418C8CE100053FEFB /* VideoPlayerController */,
				208C982E1892A8340008749C /* CSLinearLayoutView */,
				208C97FF1892A6160008749C /* Cagliostro */,
				208C97F81892A6160008749C /* Frameworks */,
				208C97F71892A6160008749C /* Products */,
			);
			sourceTree = "<group>";
		};
		208C97F71892A6160008749C /* Products */ = {
			isa = PBXGroup;
			children = (
				208C97F61892A6160008749C /* Cagliostro.app */,
				208C98111892A6160008749C /* CagliostroTests.xctest */,
			);
			name = Products;
			sourceTree = "<group>";
		};
		208C97F81892A6160008749C /* Frameworks */ = {
			isa = PBXGroup;
			children = (
				208C97F91892A6160008749C /* Foundation.framework */,
				208C97FB1892A6160008749C /* CoreGraphics.framework */,
				208C97FD1892A6160008749C /* UIKit.framework */,
				208C98121892A6160008749C /* XCTest.framework */,
			);
			name = Frameworks;
			sourceTree = "<group>";
		};
		208C97FF1892A6160008749C /* Cagliostro */ = {
			isa = PBXGroup;
			children = (
				208C98081892A6160008749C /* AppDelegate.h */,
				208C98091892A6160008749C /* AppDelegate.m */,
				203166DC18C621B800853998 /* HomeViewController.h */,
				203166DD18C621B800853998 /* HomeViewController.m */,
				203166DF18C6237100853998 /* TitleCell.h */,
				203166E018C6237100853998 /* TitleCell.m */,
				203166E218C62F7900853998 /* EpisodesCell.h */,
				203166E318C62F7900853998 /* EpisodesCell.m */,
				203166E518C6313200853998 /* EpisodesCollectionViewController.h */,
				203166E618C6313200853998 /* EpisodesCollectionViewController.m */,
				203166E818C63F1E00853998 /* EpisodeCell.h */,
				203166E918C63F1E00853998 /* EpisodeCell.m */,
				208C982B1892A73C0008749C /* EpisodeViewController.h */,
				208C982C1892A73C0008749C /* EpisodeViewController.m */,
				20187B5418B4EFEB00FD27A1 /* CharacterViewController.h */,
				20187B5518B4EFEB00FD27A1 /* CharacterViewController.m */,
				208C9833189326E20008749C /* SuperClarendon_7.otf */,
				208C980B1892A6160008749C /* Images.xcassets */,
				200FA79E18B393CC00AAD523 /* pins.xcassets */,
				208C98001892A6160008749C /* Supporting Files */,
			);
			path = Cagliostro;
			sourceTree = "<group>";
		};
		208C98001892A6160008749C /* Supporting Files */ = {
			isa = PBXGroup;
			children = (
				208C98011892A6160008749C /* Cagliostro-Info.plist */,
				208C98021892A6160008749C /* InfoPlist.strings */,
				208C98051892A6160008749C /* main.m */,
				208C98071892A6160008749C /* Cagliostro-Prefix.pch */,
				20325BB418A921C0001FDBFF /* episodes.plist */,
			);
			name = "Supporting Files";
			sourceTree = "<group>";
		};
		208C982E1892A8340008749C /* CSLinearLayoutView */ = {
			isa = PBXGroup;
			children = (
				208C982F1892A8340008749C /* CSLinearLayoutView.h */,
				208C98301892A8340008749C /* CSLinearLayoutView.m */,
			);
			path = CSLinearLayoutView;
			sourceTree = "<group>";
		};
/* End PBXGroup section */

/* Begin PBXNativeTarget section */
		208C97F51892A6160008749C /* Cagliostro */ = {
			isa = PBXNativeTarget;
			buildConfigurationList = 208C98221892A6160008749C /* Build configuration list for PBXNativeTarget "Cagliostro" */;
			buildPhases = (
				208C97F21892A6160008749C /* Sources */,
				208C97F31892A6160008749C /* Frameworks */,
				208C97F41892A6160008749C /* Resources */,
			);
			buildRules = (
			);
			dependencies = (
			);
			name = Cagliostro;
			productName = Cagliostro;
			productReference = 208C97F61892A6160008749C /* Cagliostro.app */;
			productType = "com.apple.product-type.application";
		};
		208C98101892A6160008749C /* CagliostroTests */ = {
			isa = PBXNativeTarget;
			buildConfigurationList = 208C98251892A6160008749C /* Build configuration list for PBXNativeTarget "CagliostroTests" */;
			buildPhases = (
				208C980D1892A6160008749C /* Sources */,
				208C980E1892A6160008749C /* Frameworks */,
				208C980F1892A6160008749C /* Resources */,
			);
			buildRules = (
			);
			dependencies = (
				208C98171892A6160008749C /* PBXTargetDependency */,
			);
			name = CagliostroTests;
			productName = CagliostroTests;
			productReference = 208C98111892A6160008749C /* CagliostroTests.xctest */;
			productType = "com.apple.product-type.bundle.unit-test";
		};
/* End PBXNativeTarget section */

/* Begin PBXProject section */
		208C97EE1892A6160008749C /* Project object */ = {
			isa = PBXProject;
			attributes = {
				LastUpgradeCheck = 0500;
				ORGANIZATIONNAME = "Jean-André Santoni";
				TargetAttributes = {
					208C98101892A6160008749C = {
						TestTargetID = 208C97F51892A6160008749C;
					};
				};
			};
			buildConfigurationList = 208C97F11892A6160008749C /* Build configuration list for PBXProject "Cagliostro" */;
			compatibilityVersion = "Xcode 3.2";
			developmentRegion = English;
			hasScannedForEncodings = 0;
			knownRegions = (
				en,
			);
			mainGroup = 208C97ED1892A6160008749C;
			productRefGroup = 208C97F71892A6160008749C /* Products */;
			projectDirPath = "";
			projectRoot = "";
			targets = (
				208C97F51892A6160008749C /* Cagliostro */,
				208C98101892A6160008749C /* CagliostroTests */,
			);
		};
/* End PBXProject section */

/* Begin PBXResourcesBuildPhase section */
		208C97F41892A6160008749C /* Resources */ = {
			isa = PBXResourcesBuildPhase;
			buildActionMask = 2147483647;
			files = (
				20325BBB18A9225A001FDBFF /* www in Resources */,
				200FA79F18B393CC00AAD523 /* pins.xcassets in Resources */,
				200D2BEC18A90E7500D5C53D /* Settings.bundle in Resources */,
				208C98041892A6160008749C /* InfoPlist.strings in Resources */,
				208C980C1892A6160008749C /* Images.xcassets in Resources */,
				20325BB718A921C0001FDBFF /* episodes.plist in Resources */,
			);
			runOnlyForDeploymentPostprocessing = 0;
		};
		208C980F1892A6160008749C /* Resources */ = {
			isa = PBXResourcesBuildPhase;
			buildActionMask = 2147483647;
			files = (
			);
			runOnlyForDeploymentPostprocessing = 0;
		};
/* End PBXResourcesBuildPhase section */

/* Begin PBXSourcesBuildPhase section */
		208C97F21892A6160008749C /* Sources */ = {
			isa = PBXSourcesBuildPhase;
			buildActionMask = 2147483647;
			files = (
				208C980A1892A6160008749C /* AppDelegate.m in Sources */,
				203166EA18C63F1E00853998 /* EpisodeCell.m in Sources */,
				20187B5618B4EFEB00FD27A1 /* CharacterViewController.m in Sources */,
				208C98311892A8340008749C /* CSLinearLayoutView.m in Sources */,
				203166E118C6237100853998 /* TitleCell.m in Sources */,
				203166E718C6313200853998 /* EpisodesCollectionViewController.m in Sources */,
				208C982D1892A73C0008749C /* EpisodeViewController.m in Sources */,
				203166E418C62F7900853998 /* EpisodesCell.m in Sources */,
				201159D918C8CE100053FEFB /* VideoPlayerView.m in Sources */,
				201159DA18C8CE100053FEFB /* VideoPlayerViewController.m in Sources */,
				208C98061892A6160008749C /* main.m in Sources */,
				203166DE18C621B800853998 /* HomeViewController.m in Sources */,
			);
			runOnlyForDeploymentPostprocessing = 0;
		};
		208C980D1892A6160008749C /* Sources */ = {
			isa = PBXSourcesBuildPhase;
			buildActionMask = 2147483647;
			files = (
			);
			runOnlyForDeploymentPostprocessing = 0;
		};
/* End PBXSourcesBuildPhase section */

/* Begin PBXTargetDependency section */
		208C98171892A6160008749C /* PBXTargetDependency */ = {
			isa = PBXTargetDependency;
			target = 208C97F51892A6160008749C /* Cagliostro */;
			targetProxy = 208C98161892A6160008749C /* PBXContainerItemProxy */;
		};
/* End PBXTargetDependency section */

/* Begin PBXVariantGroup section */
		208C98021892A6160008749C /* InfoPlist.strings */ = {
			isa = PBXVariantGroup;
			children = (
				208C98031892A6160008749C /* en */,
			);
			name = InfoPlist.strings;
			sourceTree = "<group>";
		};
/* End PBXVariantGroup section */

/* Begin XCBuildConfiguration section */
		208C98201892A6160008749C /* Debug */ = {
			isa = XCBuildConfiguration;
			buildSettings = {
				ALWAYS_SEARCH_USER_PATHS = NO;
				ARCHS = "$(ARCHS_STANDARD_INCLUDING_64_BIT)";
				CLANG_CXX_LANGUAGE_STANDARD = "gnu++0x";
				CLANG_CXX_LIBRARY = "libc++";
				CLANG_ENABLE_MODULES = YES;
				CLANG_ENABLE_OBJC_ARC = YES;
				CLANG_WARN_BOOL_CONVERSION = YES;
				CLANG_WARN_CONSTANT_CONVERSION = YES;
				CLANG_WARN_DIRECT_OBJC_ISA_USAGE = YES_ERROR;
				CLANG_WARN_EMPTY_BODY = YES;
				CLANG_WARN_ENUM_CONVERSION = YES;
				CLANG_WARN_INT_CONVERSION = YES;
				CLANG_WARN_OBJC_ROOT_CLASS = YES_ERROR;
				CLANG_WARN__DUPLICATE_METHOD_MATCH = YES;
				"CODE_SIGN_IDENTITY[sdk=iphoneos*]" = "iPhone Developer";
				COPY_PHASE_STRIP = NO;
				GCC_C_LANGUAGE_STANDARD = gnu99;
				GCC_DYNAMIC_NO_PIC = NO;
				GCC_OPTIMIZATION_LEVEL = 0;
				GCC_PREPROCESSOR_DEFINITIONS = (
					"DEBUG=1",
					"$(inherited)",
				);
				GCC_SYMBOLS_PRIVATE_EXTERN = NO;
				GCC_WARN_64_TO_32_BIT_CONVERSION = YES;
				GCC_WARN_ABOUT_RETURN_TYPE = YES_ERROR;
				GCC_WARN_UNDECLARED_SELECTOR = YES;
				GCC_WARN_UNINITIALIZED_AUTOS = YES;
				GCC_WARN_UNUSED_FUNCTION = YES;
				GCC_WARN_UNUSED_VARIABLE = YES;
				IPHONEOS_DEPLOYMENT_TARGET = 7.0;
				ONLY_ACTIVE_ARCH = YES;
				SDKROOT = iphoneos;
				TARGETED_DEVICE_FAMILY = 2;
			};
			name = Debug;
		};
		208C98211892A6160008749C /* Release */ = {
			isa = XCBuildConfiguration;
			buildSettings = {
				ALWAYS_SEARCH_USER_PATHS = NO;
				ARCHS = "$(ARCHS_STANDARD_INCLUDING_64_BIT)";
				CLANG_CXX_LANGUAGE_STANDARD = "gnu++0x";
				CLANG_CXX_LIBRARY = "libc++";
				CLANG_ENABLE_MODULES = YES;
				CLANG_ENABLE_OBJC_ARC = YES;
				CLANG_WARN_BOOL_CONVERSION = YES;
				CLANG_WARN_CONSTANT_CONVERSION = YES;
				CLANG_WARN_DIRECT_OBJC_ISA_USAGE = YES_ERROR;
				CLANG_WARN_EMPTY_BODY = YES;
				CLANG_WARN_ENUM_CONVERSION = YES;
				CLANG_WARN_INT_CONVERSION = YES;
				CLANG_WARN_OBJC_ROOT_CLASS = YES_ERROR;
				CLANG_WARN__DUPLICATE_METHOD_MATCH = YES;
				"CODE_SIGN_IDENTITY[sdk=iphoneos*]" = "iPhone Developer";
				COPY_PHASE_STRIP = YES;
				ENABLE_NS_ASSERTIONS = NO;
				GCC_C_LANGUAGE_STANDARD = gnu99;
				GCC_WARN_64_TO_32_BIT_CONVERSION = YES;
				GCC_WARN_ABOUT_RETURN_TYPE = YES_ERROR;
				GCC_WARN_UNDECLARED_SELECTOR = YES;
				GCC_WARN_UNINITIALIZED_AUTOS = YES;
				GCC_WARN_UNUSED_FUNCTION = YES;
				GCC_WARN_UNUSED_VARIABLE = YES;
				IPHONEOS_DEPLOYMENT_TARGET = 7.0;
				SDKROOT = iphoneos;
				TARGETED_DEVICE_FAMILY = 2;
				VALIDATE_PRODUCT = YES;
			};
			name = Release;
		};
		208C98231892A6160008749C /* Debug */ = {
			isa = XCBuildConfiguration;
			buildSettings = {
				ASSETCATALOG_COMPILER_APPICON_NAME = AppIcon;
				ASSETCATALOG_COMPILER_LAUNCHIMAGE_NAME = LaunchImage;
				GCC_PRECOMPILE_PREFIX_HEADER = YES;
				GCC_PREFIX_HEADER = "Cagliostro/Cagliostro-Prefix.pch";
				INFOPLIST_FILE = "Cagliostro/Cagliostro-Info.plist";
				PRODUCT_NAME = $TARGET_NAME;
				WRAPPER_EXTENSION = app;
			};
			name = Debug;
		};
		208C98241892A6160008749C /* Release */ = {
			isa = XCBuildConfiguration;
			buildSettings = {
				ASSETCATALOG_COMPILER_APPICON_NAME = AppIcon;
				ASSETCATALOG_COMPILER_LAUNCHIMAGE_NAME = LaunchImage;
				GCC_PRECOMPILE_PREFIX_HEADER = YES;
				GCC_PREFIX_HEADER = "Cagliostro/Cagliostro-Prefix.pch";
				INFOPLIST_FILE = "Cagliostro/Cagliostro-Info.plist";
				PRODUCT_NAME = $TARGET_NAME;
				WRAPPER_EXTENSION = app;
			};
			name = Release;
		};
		208C98261892A6160008749C /* Debug */ = {
			isa = XCBuildConfiguration;
			buildSettings = {
				ARCHS = "$(ARCHS_STANDARD_INCLUDING_64_BIT)";
				BUNDLE_LOADER = "$(BUILT_PRODUCTS_DIR)/Cagliostro.app/Cagliostro";
				FRAMEWORK_SEARCH_PATHS = (
					"$(SDKROOT)/Developer/Library/Frameworks",
					"$(inherited)",
					"$(DEVELOPER_FRAMEWORKS_DIR)",
				);
				GCC_PRECOMPILE_PREFIX_HEADER = YES;
				GCC_PREFIX_HEADER = "Cagliostro/Cagliostro-Prefix.pch";
				GCC_PREPROCESSOR_DEFINITIONS = (
					"DEBUG=1",
					"$(inherited)",
				);
				INFOPLIST_FILE = "CagliostroTests/CagliostroTests-Info.plist";
				PRODUCT_NAME = "$(TARGET_NAME)";
				TEST_HOST = "$(BUNDLE_LOADER)";
				WRAPPER_EXTENSION = xctest;
			};
			name = Debug;
		};
		208C98271892A6160008749C /* Release */ = {
			isa = XCBuildConfiguration;
			buildSettings = {
				ARCHS = "$(ARCHS_STANDARD_INCLUDING_64_BIT)";
				BUNDLE_LOADER = "$(BUILT_PRODUCTS_DIR)/Cagliostro.app/Cagliostro";
				FRAMEWORK_SEARCH_PATHS = (
					"$(SDKROOT)/Developer/Library/Frameworks",
					"$(inherited)",
					"$(DEVELOPER_FRAMEWORKS_DIR)",
				);
				GCC_PRECOMPILE_PREFIX_HEADER = YES;
				GCC_PREFIX_HEADER = "Cagliostro/Cagliostro-Prefix.pch";
				INFOPLIST_FILE = "CagliostroTests/CagliostroTests-Info.plist";
				PRODUCT_NAME = "$(TARGET_NAME)";
				TEST_HOST = "$(BUNDLE_LOADER)";
				WRAPPER_EXTENSION = xctest;
			};
			name = Release;
		};
/* End XCBuildConfiguration section */

/* Begin XCConfigurationList section */
		208C97F11892A6160008749C /* Build configuration list for PBXProject "Cagliostro" */ = {
			isa = XCConfigurationList;
			buildConfigurations = (
				208C98201892A6160008749C /* Debug */,
				208C98211892A6160008749C /* Release */,
			);
			defaultConfigurationIsVisible = 0;
			defaultConfigurationName = Release;
		};
		208C98221892A6160008749C /* Build configuration list for PBXNativeTarget "Cagliostro" */ = {
			isa = XCConfigurationList;
			buildConfigurations = (
				208C98231892A6160008749C /* Debug */,
				208C98241892A6160008749C /* Release */,
			);
			defaultConfigurationIsVisible = 0;
			defaultConfigurationName = Release;
		};
		208C98251892A6160008749C /* Build configuration list for PBXNativeTarget "CagliostroTests" */ = {
			isa = XCConfigurationList;
			buildConfigurations = (
				208C98261892A6160008749C /* Debug */,
				208C98271892A6160008749C /* Release */,
			);
			defaultConfigurationIsVisible = 0;
			defaultConfigurationName = Release;
		};
/* End XCConfigurationList section */
	};
	rootObject = 208C97EE1892A6160008749C /* Project object */;
}
